
Microsoft Visual Studio Solution File, Format Version 12.00
# Visual Studio Version 17
VisualStudioVersion = 17.8.34322.80
MinimumVisualStudioVersion = 10.0.40219.1
Project("{9A19103F-16F7-4668-BE54-9A1E7A4F7556}") = "NLayer.Core", "NLayer.Core\NLayer.Core.csproj", "{BF880F1C-EA45-4FD8-BECB-9250D7DEDD90}"
EndProject
Project("{9A19103F-16F7-4668-BE54-9A1E7A4F7556}") = "NLayer.Repository", "NLayer.Repository\NLayer.Repository.csproj", "{8BC783C0-B711-4104-8977-FA1149889445}"
EndProject
Project("{9A19103F-16F7-4668-BE54-9A1E7A4F7556}") = "NLayer.Service", "NLayer.Service\NLayer.Service.csproj", "{1EC384B7-C598-4F41-8029-638178F2981F}"
EndProject
Project("{9A19103F-16F7-4668-BE54-9A1E7A4F7556}") = "NLayer.API", "NLayer.API\NLayer.API.csproj", "{0B1A09E0-2441-465C-9163-278AE41082BC}"
EndProject
Project("{9A19103F-16F7-4668-BE54-9A1E7A4F7556}") = "NLayer.Web", "NLayer.Web\NLayer.Web.csproj", "{A2B53F49-9827-4555-B9ED-1ECFBC23497F}"
EndProject
Global
	GlobalSection(SolutionConfigurationPlatforms) = preSolution
		Debug|Any CPU = Debug|Any CPU
		Release|Any CPU = Release|Any CPU
	EndGlobalSection
	GlobalSection(ProjectConfigurationPlatforms) = postSolution
		{BF880F1C-EA45-4FD8-BECB-9250D7DEDD90}.Debug|Any CPU.ActiveCfg = Debug|Any CPU
		{BF880F1C-EA45-4FD8-BECB-9250D7DEDD90}.Debug|Any CPU.Build.0 = Debug|Any CPU
		{BF880F1C-EA45-4FD8-BECB-9250D7DEDD90}.Release|Any CPU.ActiveCfg = Release|Any CPU
		{BF880F1C-EA45-4FD8-BECB-9250D7DEDD90}.Release|Any CPU.Build.0 = Release|Any CPU
		{8BC783C0-B711-4104-8977-FA1149889445}.Debug|Any CPU.ActiveCfg = Debug|Any CPU
		{8BC783C0-B711-4104-8977-FA1149889445}.Debug|Any CPU.Build.0 = Debug|Any CPU
		{8BC783C0-B711-4104-8977-FA1149889445}.Release|Any CPU.ActiveCfg = Release|Any CPU
		{8BC783C0-B711-4104-8977-FA1149889445}.Release|Any CPU.Build.0 = Release|Any CPU
		{1EC384B7-C598-4F41-8029-638178F2981F}.Debug|Any CPU.ActiveCfg = Debug|Any CPU
		{1EC384B7-C598-4F41-8029-638178F2981F}.Debug|Any CPU.Build.0 = Debug|Any CPU
		{1EC384B7-C598-4F41-8029-638178F2981F}.Release|Any CPU.ActiveCfg = Release|Any CPU
		{1EC384B7-C598-4F41-8029-638178F2981F}.Release|Any CPU.Build.0 = Release|Any CPU
		{0B1A09E0-2441-465C-9163-278AE41082BC}.Debug|Any CPU.ActiveCfg = Debug|Any CPU
		{0B1A09E0-2441-465C-9163-278AE41082BC}.Debug|Any CPU.Build.0 = Debug|Any CPU
		{0B1A09E0-2441-465C-9163-278AE41082BC}.Release|Any CPU.ActiveCfg = Release|Any CPU
		{0B1A09E0-2441-465C-9163-278AE41082BC}.Release|Any CPU.Build.0 = Release|Any CPU
		{A2B53F49-9827-4555-B9ED-1ECFBC23497F}.Debug|Any CPU.ActiveCfg = Debug|Any CPU
		{A2B53F49-9827-4555-B9ED-1ECFBC23497F}.Debug|Any CPU.Build.0 = Debug|Any CPU
		{A2B53F49-9827-4555-B9ED-1ECFBC23497F}.Release|Any CPU.ActiveCfg = Release|Any CPU
		{A2B53F49-9827-4555-B9ED-1ECFBC23497F}.Release|Any CPU.Build.0 = Release|Any CPU
	EndGlobalSection
	GlobalSection(SolutionProperties) = preSolution
		HideSolutionNode = FALSE
	EndGlobalSection
	GlobalSection(ExtensibilityGlobals) = postSolution
		SolutionGuid = {D714C5DD-D2CA-43D5-9ADA-AB00FDDFF197}
	EndGlobalSection
EndGlobal
